// !$*UTF8*$!
{
	archiveVersion = 1;
	classes = {
	};
	objectVersion = 50;
	objects = {

/* Begin PBXBuildFile section */
		C60B8FD423B9C6790093C623 /* opencv2.framework in Frameworks */ = {isa = PBXBuildFile; fileRef = C68F0AF423B3352800D4800B /* opencv2.framework */; };
		C68F0AD823B3349100D4800B /* AppDelegate.swift in Sources */ = {isa = PBXBuildFile; fileRef = C68F0AD723B3349100D4800B /* AppDelegate.swift */; };
		C68F0ADA23B3349100D4800B /* SceneDelegate.swift in Sources */ = {isa = PBXBuildFile; fileRef = C68F0AD923B3349100D4800B /* SceneDelegate.swift */; };
		C68F0ADC23B3349100D4800B /* ContentView.swift in Sources */ = {isa = PBXBuildFile; fileRef = C68F0ADB23B3349100D4800B /* ContentView.swift */; };
		C68F0ADE23B3349100D4800B /* Assets.xcassets in Resources */ = {isa = PBXBuildFile; fileRef = C68F0ADD23B3349100D4800B /* Assets.xcassets */; };
		C68F0AE123B3349100D4800B /* Preview Assets.xcassets in Resources */ = {isa = PBXBuildFile; fileRef = C68F0AE023B3349100D4800B /* Preview Assets.xcassets */; };
		C68F0AE423B3349100D4800B /* LaunchScreen.storyboard in Resources */ = {isa = PBXBuildFile; fileRef = C68F0AE223B3349100D4800B /* LaunchScreen.storyboard */; };
		C68F0AF923B3361C00D4800B /* LaneDetector.cpp in Sources */ = {isa = PBXBuildFile; fileRef = C68F0AF723B3361C00D4800B /* LaneDetector.cpp */; };
		C68F0AFB23B344C700D4800B /* LaneDetectorBridge.mm in Sources */ = {isa = PBXBuildFile; fileRef = C68F0AFA23B344C700D4800B /* LaneDetectorBridge.mm */; };
		C6E5869123CE18D6005D36E2 /* CameraCaptureImageView.swift in Sources */ = {isa = PBXBuildFile; fileRef = C6E5869023CE18D6005D36E2 /* CameraCaptureImageView.swift */; };
/* End PBXBuildFile section */

/* Begin PBXFileReference section */
		C65B1D6A23CD64F600021D87 /* CoreMedia.framework */ = {isa = PBXFileReference; lastKnownFileType = wrapper.framework; name = CoreMedia.framework; path = System/Library/Frameworks/CoreMedia.framework; sourceTree = SDKROOT; };
		C68F0AD423B3349100D4800B /* LaneDetectiveLee.app */ = {isa = PBXFileReference; explicitFileType = wrapper.application; includeInIndex = 0; path = LaneDetectiveLee.app; sourceTree = BUILT_PRODUCTS_DIR; };
		C68F0AD723B3349100D4800B /* AppDelegate.swift */ = {isa = PBXFileReference; lastKnownFileType = sourcecode.swift; path = AppDelegate.swift; sourceTree = "<group>"; };
		C68F0AD923B3349100D4800B /* SceneDelegate.swift */ = {isa = PBXFileReference; lastKnownFileType = sourcecode.swift; path = SceneDelegate.swift; sourceTree = "<group>"; };
		C68F0ADB23B3349100D4800B /* ContentView.swift */ = {isa = PBXFileReference; lastKnownFileType = sourcecode.swift; path = ContentView.swift; sourceTree = "<group>"; };
		C68F0ADD23B3349100D4800B /* Assets.xcassets */ = {isa = PBXFileReference; lastKnownFileType = folder.assetcatalog; path = Assets.xcassets; sourceTree = "<group>"; };
		C68F0AE023B3349100D4800B /* Preview Assets.xcassets */ = {isa = PBXFileReference; lastKnownFileType = folder.assetcatalog; path = "Preview Assets.xcassets"; sourceTree = "<group>"; };
		C68F0AE323B3349100D4800B /* Base */ = {isa = PBXFileReference; lastKnownFileType = file.storyboard; name = Base; path = Base.lproj/LaunchScreen.storyboard; sourceTree = "<group>"; };
		C68F0AE523B3349100D4800B /* Info.plist */ = {isa = PBXFileReference; lastKnownFileType = text.plist.xml; path = Info.plist; sourceTree = "<group>"; };
		C68F0AEC23B334A300D4800B /* AVFoundation.framework */ = {isa = PBXFileReference; lastKnownFileType = wrapper.framework; name = AVFoundation.framework; path = System/Library/Frameworks/AVFoundation.framework; sourceTree = SDKROOT; };
		C68F0AF423B3352800D4800B /* opencv2.framework */ = {isa = PBXFileReference; lastKnownFileType = wrapper.framework; path = opencv2.framework; sourceTree = "<group>"; };
		C68F0AF623B3361B00D4800B /* LaneDetectiveLee-Bridging-Header.h */ = {isa = PBXFileReference; lastKnownFileType = sourcecode.c.h; path = "LaneDetectiveLee-Bridging-Header.h"; sourceTree = "<group>"; };
		C68F0AF723B3361C00D4800B /* LaneDetector.cpp */ = {isa = PBXFileReference; lastKnownFileType = sourcecode.cpp.cpp; path = LaneDetector.cpp; sourceTree = "<group>"; };
		C68F0AF823B3361C00D4800B /* LaneDetector.hpp */ = {isa = PBXFileReference; lastKnownFileType = sourcecode.cpp.h; path = LaneDetector.hpp; sourceTree = "<group>"; };
		C68F0AFA23B344C700D4800B /* LaneDetectorBridge.mm */ = {isa = PBXFileReference; lastKnownFileType = sourcecode.cpp.objcpp; path = LaneDetectorBridge.mm; sourceTree = "<group>"; };
		C68F0AFC23B344E500D4800B /* LaneDetectorBridge.h */ = {isa = PBXFileReference; lastKnownFileType = sourcecode.c.h; path = LaneDetectorBridge.h; sourceTree = "<group>"; };
		C6E5869023CE18D6005D36E2 /* CameraCaptureImageView.swift */ = {isa = PBXFileReference; lastKnownFileType = sourcecode.swift; path = CameraCaptureImageView.swift; sourceTree = "<group>"; };
/* End PBXFileReference section */

/* Begin PBXFrameworksBuildPhase section */
		C68F0AD123B3349100D4800B /* Frameworks */ = {
			isa = PBXFrameworksBuildPhase;
			buildActionMask = 2147483647;
			files = (
				C60B8FD423B9C6790093C623 /* opencv2.framework in Frameworks */,
			);
			runOnlyForDeploymentPostprocessing = 0;
		};
/* End PBXFrameworksBuildPhase section */

/* Begin PBXGroup section */
		C68F0ACB23B3349100D4800B = {
			isa = PBXGroup;
			children = (
				C68F0AD623B3349100D4800B /* LaneDetectiveLee */,
				C68F0AD523B3349100D4800B /* Products */,
				C68F0AEB23B334A300D4800B /* Frameworks */,
			);
			sourceTree = "<group>";
		};
		C68F0AD523B3349100D4800B /* Products */ = {
			isa = PBXGroup;
			children = (
				C68F0AD423B3349100D4800B /* LaneDetectiveLee.app */,
			);
			name = Products;
			sourceTree = "<group>";
		};
		C68F0AD623B3349100D4800B /* LaneDetectiveLee */ = {
			isa = PBXGroup;
			children = (
				C68F0AD723B3349100D4800B /* AppDelegate.swift */,
				C6E5869023CE18D6005D36E2 /* CameraCaptureImageView.swift */,
				C68F0AD923B3349100D4800B /* SceneDelegate.swift */,
				C68F0ADB23B3349100D4800B /* ContentView.swift */,
				C68F0ADD23B3349100D4800B /* Assets.xcassets */,
				C68F0AE223B3349100D4800B /* LaunchScreen.storyboard */,
				C68F0AE523B3349100D4800B /* Info.plist */,
				C68F0ADF23B3349100D4800B /* Preview Content */,
				C68F0AF723B3361C00D4800B /* LaneDetector.cpp */,
				C68F0AF823B3361C00D4800B /* LaneDetector.hpp */,
				C68F0AF623B3361B00D4800B /* LaneDetectiveLee-Bridging-Header.h */,
				C68F0AFA23B344C700D4800B /* LaneDetectorBridge.mm */,
				C68F0AFC23B344E500D4800B /* LaneDetectorBridge.h */,
			);
			path = LaneDetectiveLee;
			sourceTree = "<group>";
		};
		C68F0ADF23B3349100D4800B /* Preview Content */ = {
			isa = PBXGroup;
			children = (
				C68F0AE023B3349100D4800B /* Preview Assets.xcassets */,
			);
			path = "Preview Content";
			sourceTree = "<group>";
		};
		C68F0AEB23B334A300D4800B /* Frameworks */ = {
			isa = PBXGroup;
			children = (
				C65B1D6A23CD64F600021D87 /* CoreMedia.framework */,
				C68F0AF423B3352800D4800B /* opencv2.framework */,
				C68F0AEC23B334A300D4800B /* AVFoundation.framework */,
			);
			name = Frameworks;
			sourceTree = "<group>";
		};
/* End PBXGroup section */

/* Begin PBXNativeTarget section */
		C68F0AD323B3349100D4800B /* LaneDetectiveLee */ = {
			isa = PBXNativeTarget;
			buildConfigurationList = C68F0AE823B3349100D4800B /* Build configuration list for PBXNativeTarget "LaneDetectiveLee" */;
			buildPhases = (
				C68F0AD023B3349100D4800B /* Sources */,
				C68F0AD123B3349100D4800B /* Frameworks */,
				C68F0AD223B3349100D4800B /* Resources */,
			);
			buildRules = (
			);
			dependencies = (
			);
			name = LaneDetectiveLee;
			productName = LaneDetectiveLee;
			productReference = C68F0AD423B3349100D4800B /* LaneDetectiveLee.app */;
			productType = "com.apple.product-type.application";
		};
/* End PBXNativeTarget section */

/* Begin PBXProject section */
		C68F0ACC23B3349100D4800B /* Project object */ = {
			isa = PBXProject;
			attributes = {
				LastSwiftUpdateCheck = 1130;
				LastUpgradeCheck = 1130;
				ORGANIZATIONNAME = Dable;
				TargetAttributes = {
					C68F0AD323B3349100D4800B = {
						CreatedOnToolsVersion = 11.3;
						LastSwiftMigration = 1130;
					};
				};
			};
			buildConfigurationList = C68F0ACF23B3349100D4800B /* Build configuration list for PBXProject "LaneDetectiveLee" */;
			compatibilityVersion = "Xcode 9.3";
			developmentRegion = en;
			hasScannedForEncodings = 0;
			knownRegions = (
				en,
				Base,
			);
			mainGroup = C68F0ACB23B3349100D4800B;
			productRefGroup = C68F0AD523B3349100D4800B /* Products */;
			projectDirPath = "";
			projectRoot = "";
			targets = (
				C68F0AD323B3349100D4800B /* LaneDetectiveLee */,
			);
		};
/* End PBXProject section */

/* Begin PBXResourcesBuildPhase section */
		C68F0AD223B3349100D4800B /* Resources */ = {
			isa = PBXResourcesBuildPhase;
			buildActionMask = 2147483647;
			files = (
				C68F0AE423B3349100D4800B /* LaunchScreen.storyboard in Resources */,
				C68F0AE123B3349100D4800B /* Preview Assets.xcassets in Resources */,
				C68F0ADE23B3349100D4800B /* Assets.xcassets in Resources */,
			);
			runOnlyForDeploymentPostprocessing = 0;
		};
/* End PBXResourcesBuildPhase section */

/* Begin PBXSourcesBuildPhase section */
		C68F0AD023B3349100D4800B /* Sources */ = {
			isa = PBXSourcesBuildPhase;
			buildActionMask = 2147483647;
			files = (
				C68F0AD823B3349100D4800B /* AppDelegate.swift in Sources */,
				C68F0ADA23B3349100D4800B /* SceneDelegate.swift in Sources */,
				C68F0AFB23B344C700D4800B /* LaneDetectorBridge.mm in Sources */,
				C68F0ADC23B3349100D4800B /* ContentView.swift in Sources */,
				C6E5869123CE18D6005D36E2 /* CameraCaptureImageView.swift in Sources */,
				C68F0AF923B3361C00D4800B /* LaneDetector.cpp in Sources */,
			);
			runOnlyForDeploymentPostprocessing = 0;
		};
/* End PBXSourcesBuildPhase section */

/* Begin PBXVariantGroup section */
		C68F0AE223B3349100D4800B /* LaunchScreen.storyboard */ = {
			isa = PBXVariantGroup;
			children = (
				C68F0AE323B3349100D4800B /* Base */,
			);
			name = LaunchScreen.storyboard;
			sourceTree = "<group>";
		};
/* End PBXVariantGroup section */

/* Begin XCBuildConfiguration section */
		C68F0AE623B3349100D4800B /* Debug */ = {
			isa = XCBuildConfiguration;
			buildSettings = {
				ALWAYS_SEARCH_USER_PATHS = NO;
				CLANG_ANALYZER_NONNULL = YES;
				CLANG_ANALYZER_NUMBER_OBJECT_CONVERSION = YES_AGGRESSIVE;
				CLANG_CXX_LANGUAGE_STANDARD = "gnu++14";
				CLANG_CXX_LIBRARY = "libc++";
				CLANG_ENABLE_MODULES = YES;
				CLANG_ENABLE_OBJC_ARC = YES;
				CLANG_ENABLE_OBJC_WEAK = YES;
				CLANG_WARN_BLOCK_CAPTURE_AUTORELEASING = YES;
				CLANG_WARN_BOOL_CONVERSION = YES;
				CLANG_WARN_COMMA = YES;
				CLANG_WARN_CONSTANT_CONVERSION = YES;
				CLANG_WARN_DEPRECATED_OBJC_IMPLEMENTATIONS = YES;
				CLANG_WARN_DIRECT_OBJC_ISA_USAGE = YES_ERROR;
				CLANG_WARN_DOCUMENTATION_COMMENTS = YES;
				CLANG_WARN_EMPTY_BODY = YES;
				CLANG_WARN_ENUM_CONVERSION = YES;
				CLANG_WARN_INFINITE_RECURSION = YES;
				CLANG_WARN_INT_CONVERSION = YES;
				CLANG_WARN_NON_LITERAL_NULL_CONVERSION = YES;
				CLANG_WARN_OBJC_IMPLICIT_RETAIN_SELF = YES;
				CLANG_WARN_OBJC_LITERAL_CONVERSION = YES;
				CLANG_WARN_OBJC_ROOT_CLASS = YES_ERROR;
				CLANG_WARN_RANGE_LOOP_ANALYSIS = YES;
				CLANG_WARN_STRICT_PROTOTYPES = YES;
				CLANG_WARN_SUSPICIOUS_MOVE = YES;
				CLANG_WARN_UNGUARDED_AVAILABILITY = YES_AGGRESSIVE;
				CLANG_WARN_UNREACHABLE_CODE = YES;
				CLANG_WARN__DUPLICATE_METHOD_MATCH = YES;
				COPY_PHASE_STRIP = NO;
				DEBUG_INFORMATION_FORMAT = dwarf;
				ENABLE_STRICT_OBJC_MSGSEND = YES;
				ENABLE_TESTABILITY = YES;
				GCC_C_LANGUAGE_STANDARD = gnu11;
				GCC_DYNAMIC_NO_PIC = NO;
				GCC_NO_COMMON_BLOCKS = YES;
				GCC_OPTIMIZATION_LEVEL = 0;
				GCC_PREPROCESSOR_DEFINITIONS = (
					"DEBUG=1",
					"$(inherited)",
				);
				GCC_WARN_64_TO_32_BIT_CONVERSION = YES;
				GCC_WARN_ABOUT_RETURN_TYPE = YES_ERROR;
				GCC_WARN_UNDECLARED_SELECTOR = YES;
				GCC_WARN_UNINITIALIZED_AUTOS = YES_AGGRESSIVE;
				GCC_WARN_UNUSED_FUNCTION = YES;
				GCC_WARN_UNUSED_VARIABLE = YES;
				IPHONEOS_DEPLOYMENT_TARGET = 13.2;
				MTL_ENABLE_DEBUG_INFO = INCLUDE_SOURCE;
				MTL_FAST_MATH = YES;
				ONLY_ACTIVE_ARCH = YES;
				SDKROOT = iphoneos;
				SWIFT_ACTIVE_COMPILATION_CONDITIONS = DEBUG;
				SWIFT_OPTIMIZATION_LEVEL = "-Onone";
			};
			name = Debug;
		};
		C68F0AE723B3349100D4800B /* Release */ = {
			isa = XCBuildConfiguration;
			buildSettings = {
				ALWAYS_SEARCH_USER_PATHS = NO;
				CLANG_ANALYZER_NONNULL = YES;
				CLANG_ANALYZER_NUMBER_OBJECT_CONVERSION = YES_AGGRESSIVE;
				CLANG_CXX_LANGUAGE_STANDARD = "gnu++14";
				CLANG_CXX_LIBRARY = "libc++";
				CLANG_ENABLE_MODULES = YES;
				CLANG_ENABLE_OBJC_ARC = YES;
				CLANG_ENABLE_OBJC_WEAK = YES;
				CLANG_WARN_BLOCK_CAPTURE_AUTORELEASING = YES;
				CLANG_WARN_BOOL_CONVERSION = YES;
				CLANG_WARN_COMMA = YES;
				CLANG_WARN_CONSTANT_CONVERSION = YES;
				CLANG_WARN_DEPRECATED_OBJC_IMPLEMENTATIONS = YES;
				CLANG_WARN_DIRECT_OBJC_ISA_USAGE = YES_ERROR;
				CLANG_WARN_DOCUMENTATION_COMMENTS = YES;
				CLANG_WARN_EMPTY_BODY = YES;
				CLANG_WARN_ENUM_CONVERSION = YES;
				CLANG_WARN_INFINITE_RECURSION = YES;
				CLANG_WARN_INT_CONVERSION = YES;
				CLANG_WARN_NON_LITERAL_NULL_CONVERSION = YES;
				CLANG_WARN_OBJC_IMPLICIT_RETAIN_SELF = YES;
				CLANG_WARN_OBJC_LITERAL_CONVERSION = YES;
				CLANG_WARN_OBJC_ROOT_CLASS = YES_ERROR;
				CLANG_WARN_RANGE_LOOP_ANALYSIS = YES;
				CLANG_WARN_STRICT_PROTOTYPES = YES;
				CLANG_WARN_SUSPICIOUS_MOVE = YES;
				CLANG_WARN_UNGUARDED_AVAILABILITY = YES_AGGRESSIVE;
				CLANG_WARN_UNREACHABLE_CODE = YES;
				CLANG_WARN__DUPLICATE_METHOD_MATCH = YES;
				COPY_PHASE_STRIP = NO;
				DEBUG_INFORMATION_FORMAT = "dwarf-with-dsym";
				ENABLE_NS_ASSERTIONS = NO;
				ENABLE_STRICT_OBJC_MSGSEND = YES;
				GCC_C_LANGUAGE_STANDARD = gnu11;
				GCC_NO_COMMON_BLOCKS = YES;
				GCC_WARN_64_TO_32_BIT_CONVERSION = YES;
				GCC_WARN_ABOUT_RETURN_TYPE = YES_ERROR;
				GCC_WARN_UNDECLARED_SELECTOR = YES;
				GCC_WARN_UNINITIALIZED_AUTOS = YES_AGGRESSIVE;
				GCC_WARN_UNUSED_FUNCTION = YES;
				GCC_WARN_UNUSED_VARIABLE = YES;
				IPHONEOS_DEPLOYMENT_TARGET = 13.2;
				MTL_ENABLE_DEBUG_INFO = NO;
				MTL_FAST_MATH = YES;
				SDKROOT = iphoneos;
				SWIFT_COMPILATION_MODE = wholemodule;
				SWIFT_OPTIMIZATION_LEVEL = "-O";
				VALIDATE_PRODUCT = YES;
			};
			name = Release;
		};
		C68F0AE923B3349100D4800B /* Debug */ = {
			isa = XCBuildConfiguration;
			buildSettings = {
				ASSETCATALOG_COMPILER_APPICON_NAME = AppIcon;
				CLANG_ENABLE_MODULES = YES;
				CODE_SIGN_STYLE = Automatic;
				DEVELOPMENT_ASSET_PATHS = "\"LaneDetectiveLee/Preview Content\"";
				DEVELOPMENT_TEAM = 84FRB3YV27;
				ENABLE_PREVIEWS = YES;
				FRAMEWORK_SEARCH_PATHS = (
					"$(inherited)",
					"$(PROJECT_DIR)",
				);
				INFOPLIST_FILE = LaneDetectiveLee/Info.plist;
				LD_RUNPATH_SEARCH_PATHS = (
					"$(inherited)",
					"@executable_path/Frameworks",
				);
				PRODUCT_BUNDLE_IDENTIFIER = "io.able-d.LaneDetectiveLee";
				PRODUCT_NAME = "$(TARGET_NAME)";
				SWIFT_OBJC_BRIDGING_HEADER = "LaneDetectiveLee/LaneDetectiveLee-Bridging-Header.h";
				SWIFT_OPTIMIZATION_LEVEL = "-Onone";
				SWIFT_VERSION = 5.0;
				TARGETED_DEVICE_FAMILY = "1,2";
			};
			name = Debug;
		};
		C68F0AEA23B3349100D4800B /* Release */ = {
			isa = XCBuildConfiguration;
			buildSettings = {
				ASSETCATALOG_COMPILER_APPICON_NAME = AppIcon;
				CLANG_ENABLE_MODULES = YES;
				CODE_SIGN_STYLE = Automatic;
				DEVELOPMENT_ASSET_PATHS = "\"LaneDetectiveLee/Preview Content\"";
				DEVELOPMENT_TEAM = 84FRB3YV27;
				ENABLE_PREVIEWS = YES;
				FRAMEWORK_SEARCH_PATHS = (
					"$(inherited)",
					"$(PROJECT_DIR)",
				);
				INFOPLIST_FILE = LaneDetectiveLee/Info.plist;
				LD_RUNPATH_SEARCH_PATHS = (
					"$(inherited)",
					"@executable_path/Frameworks",
				);
				PRODUCT_BUNDLE_IDENTIFIER = "io.able-d.LaneDetectiveLee";
				PRODUCT_NAME = "$(TARGET_NAME)";
				SWIFT_OBJC_BRIDGING_HEADER = "LaneDetectiveLee/LaneDetectiveLee-Bridging-Header.h";
				SWIFT_VERSION = 5.0;
				TARGETED_DEVICE_FAMILY = "1,2";
			};
			name = Release;
		};
/* End XCBuildConfiguration section */

/* Begin XCConfigurationList section */
		C68F0ACF23B3349100D4800B /* Build configuration list for PBXProject "LaneDetectiveLee" */ = {
			isa = XCConfigurationList;
			buildConfigurations = (
				C68F0AE623B3349100D4800B /* Debug */,
				C68F0AE723B3349100D4800B /* Release */,
			);
			defaultConfigurationIsVisible = 0;
			defaultConfigurationName = Release;
		};
		C68F0AE823B3349100D4800B /* Build configuration list for PBXNativeTarget "LaneDetectiveLee" */ = {
			isa = XCConfigurationList;
			buildConfigurations = (
				C68F0AE923B3349100D4800B /* Debug */,
				C68F0AEA23B3349100D4800B /* Release */,
			);
			defaultConfigurationIsVisible = 0;
			defaultConfigurationName = Release;
		};
/* End XCConfigurationList section */
	};
	rootObject = C68F0ACC23B3349100D4800B /* Project object */;
}
