<?xml version="1.0" encoding="UTF-8"?>
<Scheme
   version = "1.3">
   <BuildAction>
      <BuildActionEntries>
         <BuildActionEntry
            buildForRunning = "YES">
            <BuildableReference
               BuildableIdentifier = "primary"
               BlueprintIdentifier = "C68F0AD323B3349100D4800B"
               BuildableName = "LaneDetectiveLee.app"
               BlueprintName = "LaneDetectiveLee"
               ReferencedContainer = "container:LaneDetectiveLee.xcodeproj">
            </BuildableReference>
         </BuildActionEntry>
      </BuildActionEntries>
   </BuildAction>
   <LaunchAction
      useCustomWorkingDirectory = "NO"
      buildConfiguration = "Debug"
      allowLocationSimulation = "YES">
      <BuildableProductRunnable>
         <BuildableReference
            BuildableIdentifier = "primary"
            BlueprintIdentifier = "C68F0AD323B3349100D4800B"
            BuildableName = "LaneDetectiveLee.app"
            BlueprintName = "LaneDetectiveLee"
            ReferencedContainer = "container:LaneDetectiveLee.xcodeproj">
         </BuildableReference>
      </BuildableProductRunnable>
   </LaunchAction>
</Scheme>
